
Microsoft Visual Studio Solution File, Format Version 12.00
# Visual Studio Version 17
VisualStudioVersion = 17.10.34916.146
MinimumVisualStudioVersion = 10.0.40219.1
Project("{FAE04EC0-301F-11D3-BF4B-00C04F79EFBC}") = "TpDiPaolantonioPWA", "TpDiPaolantonioPWA\TpDiPaolantonioPWA.csproj", "{7F54F3EB-2A84-4EEA-B3BB-A17955147131}"
EndProject
Global
	GlobalSection(SolutionConfigurationPlatforms) = preSolution
		Debug|Any CPU = Debug|Any CPU
		Release|Any CPU = Release|Any CPU
	EndGlobalSection
	GlobalSection(ProjectConfigurationPlatforms) = postSolution
		{7F54F3EB-2A84-4EEA-B3BB-A17955147131}.Debug|Any CPU.ActiveCfg = Debug|Any CPU
		{7F54F3EB-2A84-4EEA-B3BB-A17955147131}.Debug|Any CPU.Build.0 = Debug|Any CPU
		{7F54F3EB-2A84-4EEA-B3BB-A17955147131}.Release|Any CPU.ActiveCfg = Release|Any CPU
		{7F54F3EB-2A84-4EEA-B3BB-A17955147131}.Release|Any CPU.Build.0 = Release|Any CPU
	EndGlobalSection
	GlobalSection(SolutionProperties) = preSolution
		HideSolutionNode = FALSE
	EndGlobalSection
	GlobalSection(ExtensibilityGlobals) = postSolution
		SolutionGuid = {EAC20931-D718-4607-A1D7-E0B7F692BF1E}
	EndGlobalSection
EndGlobal
